// !$*UTF8*$!
{
	archiveVersion = 1;
	classes = {
	};
	objectVersion = 48;
	objects = {

/* Begin PBXBuildFile section */
		3952476522CFB61E003450AE /* Product.swift in Sources */ = {isa = PBXBuildFile; fileRef = 3952476422CFB61E003450AE /* Product.swift */; };
		395DAE2922D0C7F300FF11E7 /* CategoryListViewController.swift in Sources */ = {isa = PBXBuildFile; fileRef = 395DAE2822D0C7F300FF11E7 /* CategoryListViewController.swift */; };
		395DAE2B22D0C83600FF11E7 /* CategoryCell.swift in Sources */ = {isa = PBXBuildFile; fileRef = 395DAE2A22D0C83600FF11E7 /* CategoryCell.swift */; };
		395DAE2D22D0D01E00FF11E7 /* Category.swift in Sources */ = {isa = PBXBuildFile; fileRef = 395DAE2C22D0D01E00FF11E7 /* Category.swift */; };
		3968734622CF536300D98EA0 /* AppDelegate.swift in Sources */ = {isa = PBXBuildFile; fileRef = 3968734522CF536300D98EA0 /* AppDelegate.swift */; };
		3968734822CF536300D98EA0 /* ProductListViewController.swift in Sources */ = {isa = PBXBuildFile; fileRef = 3968734722CF536300D98EA0 /* ProductListViewController.swift */; };
		3968734B22CF536300D98EA0 /* Main.storyboard in Resources */ = {isa = PBXBuildFile; fileRef = 3968734922CF536300D98EA0 /* Main.storyboard */; };
		3968734D22CF536300D98EA0 /* Assets.xcassets in Resources */ = {isa = PBXBuildFile; fileRef = 3968734C22CF536300D98EA0 /* Assets.xcassets */; };
		3968735022CF536300D98EA0 /* LaunchScreen.storyboard in Resources */ = {isa = PBXBuildFile; fileRef = 3968734E22CF536300D98EA0 /* LaunchScreen.storyboard */; };
		3968735822CF546800D98EA0 /* .gitignore in Resources */ = {isa = PBXBuildFile; fileRef = 3968735722CF546800D98EA0 /* .gitignore */; };
		3968735A22CF57E100D98EA0 /* ProductCell.swift in Sources */ = {isa = PBXBuildFile; fileRef = 3968735922CF57E100D98EA0 /* ProductCell.swift */; };
		3972974622DB47C100B98059 /* ProductDetailsViewController.swift in Sources */ = {isa = PBXBuildFile; fileRef = 3972974522DB47C100B98059 /* ProductDetailsViewController.swift */; };
		3972974822DB4DFD00B98059 /* RoundedButton.swift in Sources */ = {isa = PBXBuildFile; fileRef = 3972974722DB4DFD00B98059 /* RoundedButton.swift */; };
		3975CB7622DA806700F8E877 /* BaseApi.swift in Sources */ = {isa = PBXBuildFile; fileRef = 3975CB7522DA806700F8E877 /* BaseApi.swift */; };
		3975CB7822DA83F400F8E877 /* CategoryApi.swift in Sources */ = {isa = PBXBuildFile; fileRef = 3975CB7722DA83F400F8E877 /* CategoryApi.swift */; };
		3975CB7A22DA90E300F8E877 /* ProductApi.swift in Sources */ = {isa = PBXBuildFile; fileRef = 3975CB7922DA90E300F8E877 /* ProductApi.swift */; };
		39DF0DC722DC5B4700CE6CCC /* App.swift in Sources */ = {isa = PBXBuildFile; fileRef = 39DF0DC622DC5B4700CE6CCC /* App.swift */; };
		FDE7363003D8EAC143809093 /* Pods_ProductListPresenter.framework in Frameworks */ = {isa = PBXBuildFile; fileRef = 0151E46B5C62207AAB1C6DC1 /* Pods_ProductListPresenter.framework */; };
/* End PBXBuildFile section */

/* Begin PBXFileReference section */
		0151E46B5C62207AAB1C6DC1 /* Pods_ProductListPresenter.framework */ = {isa = PBXFileReference; explicitFileType = wrapper.framework; includeInIndex = 0; path = Pods_ProductListPresenter.framework; sourceTree = BUILT_PRODUCTS_DIR; };
		3952476422CFB61E003450AE /* Product.swift */ = {isa = PBXFileReference; lastKnownFileType = sourcecode.swift; path = Product.swift; sourceTree = "<group>"; };
		395DAE2822D0C7F300FF11E7 /* CategoryListViewController.swift */ = {isa = PBXFileReference; lastKnownFileType = sourcecode.swift; path = CategoryListViewController.swift; sourceTree = "<group>"; };
		395DAE2A22D0C83600FF11E7 /* CategoryCell.swift */ = {isa = PBXFileReference; lastKnownFileType = sourcecode.swift; path = CategoryCell.swift; sourceTree = "<group>"; };
		395DAE2C22D0D01E00FF11E7 /* Category.swift */ = {isa = PBXFileReference; lastKnownFileType = sourcecode.swift; path = Category.swift; sourceTree = "<group>"; };
		3968734222CF536300D98EA0 /* ProductListPresenter.app */ = {isa = PBXFileReference; explicitFileType = wrapper.application; includeInIndex = 0; path = ProductListPresenter.app; sourceTree = BUILT_PRODUCTS_DIR; };
		3968734522CF536300D98EA0 /* AppDelegate.swift */ = {isa = PBXFileReference; lastKnownFileType = sourcecode.swift; path = AppDelegate.swift; sourceTree = "<group>"; };
		3968734722CF536300D98EA0 /* ProductListViewController.swift */ = {isa = PBXFileReference; lastKnownFileType = sourcecode.swift; path = ProductListViewController.swift; sourceTree = "<group>"; };
		3968734C22CF536300D98EA0 /* Assets.xcassets */ = {isa = PBXFileReference; lastKnownFileType = folder.assetcatalog; path = Assets.xcassets; sourceTree = "<group>"; };
		3968735122CF536300D98EA0 /* Info.plist */ = {isa = PBXFileReference; lastKnownFileType = text.plist.xml; path = Info.plist; sourceTree = "<group>"; };
		3968735722CF546800D98EA0 /* .gitignore */ = {isa = PBXFileReference; lastKnownFileType = text; path = .gitignore; sourceTree = "<group>"; };
		3968735922CF57E100D98EA0 /* ProductCell.swift */ = {isa = PBXFileReference; lastKnownFileType = sourcecode.swift; path = ProductCell.swift; sourceTree = "<group>"; };
		3972974522DB47C100B98059 /* ProductDetailsViewController.swift */ = {isa = PBXFileReference; lastKnownFileType = sourcecode.swift; path = ProductDetailsViewController.swift; sourceTree = "<group>"; };
		3972974722DB4DFD00B98059 /* RoundedButton.swift */ = {isa = PBXFileReference; lastKnownFileType = sourcecode.swift; path = RoundedButton.swift; sourceTree = "<group>"; };
		3975CB7522DA806700F8E877 /* BaseApi.swift */ = {isa = PBXFileReference; lastKnownFileType = sourcecode.swift; path = BaseApi.swift; sourceTree = "<group>"; };
		3975CB7722DA83F400F8E877 /* CategoryApi.swift */ = {isa = PBXFileReference; lastKnownFileType = sourcecode.swift; path = CategoryApi.swift; sourceTree = "<group>"; };
		3975CB7922DA90E300F8E877 /* ProductApi.swift */ = {isa = PBXFileReference; lastKnownFileType = sourcecode.swift; path = ProductApi.swift; sourceTree = "<group>"; };
		39B7773222E78796008156D3 /* ru */ = {isa = PBXFileReference; lastKnownFileType = file.storyboard; name = ru; path = ru.lproj/Main.storyboard; sourceTree = "<group>"; };
		39B7773322E78796008156D3 /* ru */ = {isa = PBXFileReference; lastKnownFileType = file.storyboard; name = ru; path = ru.lproj/LaunchScreen.storyboard; sourceTree = "<group>"; };
		39DF0DC622DC5B4700CE6CCC /* App.swift */ = {isa = PBXFileReference; lastKnownFileType = sourcecode.swift; path = App.swift; sourceTree = "<group>"; };
		5DF60A1073DA5886006046EA /* Pods-ProductListPresenter.debug.xcconfig */ = {isa = PBXFileReference; includeInIndex = 1; lastKnownFileType = text.xcconfig; name = "Pods-ProductListPresenter.debug.xcconfig"; path = "Target Support Files/Pods-ProductListPresenter/Pods-ProductListPresenter.debug.xcconfig"; sourceTree = "<group>"; };
		950D6D9B38E75CE4DA673073 /* Pods-ProductListPresenter.release.xcconfig */ = {isa = PBXFileReference; includeInIndex = 1; lastKnownFileType = text.xcconfig; name = "Pods-ProductListPresenter.release.xcconfig"; path = "Target Support Files/Pods-ProductListPresenter/Pods-ProductListPresenter.release.xcconfig"; sourceTree = "<group>"; };
/* End PBXFileReference section */

/* Begin PBXFrameworksBuildPhase section */
		3968733F22CF536300D98EA0 /* Frameworks */ = {
			isa = PBXFrameworksBuildPhase;
			buildActionMask = 2147483647;
			files = (
				FDE7363003D8EAC143809093 /* Pods_ProductListPresenter.framework in Frameworks */,
			);
			runOnlyForDeploymentPostprocessing = 0;
		};
/* End PBXFrameworksBuildPhase section */

/* Begin PBXGroup section */
		3952476122CF8CF8003450AE /* Model */ = {
			isa = PBXGroup;
			children = (
				3952476422CFB61E003450AE /* Product.swift */,
				395DAE2C22D0D01E00FF11E7 /* Category.swift */,
				3975CB7522DA806700F8E877 /* BaseApi.swift */,
				3975CB7722DA83F400F8E877 /* CategoryApi.swift */,
				3975CB7922DA90E300F8E877 /* ProductApi.swift */,
				39DF0DC622DC5B4700CE6CCC /* App.swift */,
			);
			path = Model;
			sourceTree = "<group>";
		};
		3968733922CF536300D98EA0 = {
			isa = PBXGroup;
			children = (
				3968735722CF546800D98EA0 /* .gitignore */,
				3968734422CF536300D98EA0 /* ProductListPresenter */,
				3968734322CF536300D98EA0 /* Products */,
				A38C92920DAB8F005848D407 /* Pods */,
				BBAE2F090FCBB87BC8CEA109 /* Frameworks */,
			);
			sourceTree = "<group>";
		};
		3968734322CF536300D98EA0 /* Products */ = {
			isa = PBXGroup;
			children = (
				3968734222CF536300D98EA0 /* ProductListPresenter.app */,
			);
			name = Products;
			sourceTree = "<group>";
		};
		3968734422CF536300D98EA0 /* ProductListPresenter */ = {
			isa = PBXGroup;
			children = (
				3952476122CF8CF8003450AE /* Model */,
				3968735C22CF5BB900D98EA0 /* View */,
				3968735B22CF5B9A00D98EA0 /* Controller */,
				3968734522CF536300D98EA0 /* AppDelegate.swift */,
				3968734922CF536300D98EA0 /* Main.storyboard */,
				3968734C22CF536300D98EA0 /* Assets.xcassets */,
				3968734E22CF536300D98EA0 /* LaunchScreen.storyboard */,
				3968735122CF536300D98EA0 /* Info.plist */,
			);
			path = ProductListPresenter;
			sourceTree = "<group>";
		};
		3968735B22CF5B9A00D98EA0 /* Controller */ = {
			isa = PBXGroup;
			children = (
				3968734722CF536300D98EA0 /* ProductListViewController.swift */,
				395DAE2822D0C7F300FF11E7 /* CategoryListViewController.swift */,
				3972974522DB47C100B98059 /* ProductDetailsViewController.swift */,
			);
			path = Controller;
			sourceTree = "<group>";
		};
		3968735C22CF5BB900D98EA0 /* View */ = {
			isa = PBXGroup;
			children = (
				3968735922CF57E100D98EA0 /* ProductCell.swift */,
				395DAE2A22D0C83600FF11E7 /* CategoryCell.swift */,
				3972974722DB4DFD00B98059 /* RoundedButton.swift */,
			);
			path = View;
			sourceTree = "<group>";
		};
		A38C92920DAB8F005848D407 /* Pods */ = {
			isa = PBXGroup;
			children = (
				5DF60A1073DA5886006046EA /* Pods-ProductListPresenter.debug.xcconfig */,
				950D6D9B38E75CE4DA673073 /* Pods-ProductListPresenter.release.xcconfig */,
			);
			path = Pods;
			sourceTree = "<group>";
		};
		BBAE2F090FCBB87BC8CEA109 /* Frameworks */ = {
			isa = PBXGroup;
			children = (
				0151E46B5C62207AAB1C6DC1 /* Pods_ProductListPresenter.framework */,
			);
			name = Frameworks;
			sourceTree = "<group>";
		};
/* End PBXGroup section */

/* Begin PBXNativeTarget section */
		3968734122CF536300D98EA0 /* ProductListPresenter */ = {
			isa = PBXNativeTarget;
			buildConfigurationList = 3968735422CF536300D98EA0 /* Build configuration list for PBXNativeTarget "ProductListPresenter" */;
			buildPhases = (
				A877397E39EF678BF3A9ECD3 /* [CP] Check Pods Manifest.lock */,
				3968733E22CF536300D98EA0 /* Sources */,
				3968733F22CF536300D98EA0 /* Frameworks */,
				3968734022CF536300D98EA0 /* Resources */,
				276550645131429A4BDF7213 /* [CP] Embed Pods Frameworks */,
			);
			buildRules = (
			);
			dependencies = (
			);
			name = ProductListPresenter;
			productName = ProductListPresenter;
			productReference = 3968734222CF536300D98EA0 /* ProductListPresenter.app */;
			productType = "com.apple.product-type.application";
		};
/* End PBXNativeTarget section */

/* Begin PBXProject section */
		3968733A22CF536300D98EA0 /* Project object */ = {
			isa = PBXProject;
			attributes = {
				LastSwiftUpdateCheck = 0920;
				LastUpgradeCheck = 0920;
				ORGANIZATIONNAME = Timur;
				TargetAttributes = {
					3968734122CF536300D98EA0 = {
						CreatedOnToolsVersion = 9.2;
						ProvisioningStyle = Automatic;
					};
				};
			};
			buildConfigurationList = 3968733D22CF536300D98EA0 /* Build configuration list for PBXProject "ProductListPresenter" */;
			compatibilityVersion = "Xcode 8.0";
			developmentRegion = en;
			hasScannedForEncodings = 0;
			knownRegions = (
				en,
			);
			mainGroup = 3968733922CF536300D98EA0;
			productRefGroup = 3968734322CF536300D98EA0 /* Products */;
			projectDirPath = "";
			projectRoot = "";
			targets = (
				3968734122CF536300D98EA0 /* ProductListPresenter */,
			);
		};
/* End PBXProject section */

/* Begin PBXResourcesBuildPhase section */
		3968734022CF536300D98EA0 /* Resources */ = {
			isa = PBXResourcesBuildPhase;
			buildActionMask = 2147483647;
			files = (
				3968735822CF546800D98EA0 /* .gitignore in Resources */,
				3968735022CF536300D98EA0 /* LaunchScreen.storyboard in Resources */,
				3968734D22CF536300D98EA0 /* Assets.xcassets in Resources */,
				3968734B22CF536300D98EA0 /* Main.storyboard in Resources */,
			);
			runOnlyForDeploymentPostprocessing = 0;
		};
/* End PBXResourcesBuildPhase section */

/* Begin PBXShellScriptBuildPhase section */
		276550645131429A4BDF7213 /* [CP] Embed Pods Frameworks */ = {
			isa = PBXShellScriptBuildPhase;
			buildActionMask = 2147483647;
			files = (
			);
			inputPaths = (
				"${PODS_ROOT}/Target Support Files/Pods-ProductListPresenter/Pods-ProductListPresenter-frameworks.sh",
				"${BUILT_PRODUCTS_DIR}/Alamofire/Alamofire.framework",
				"${BUILT_PRODUCTS_DIR}/ObjectMapper/ObjectMapper.framework",
				"${BUILT_PRODUCTS_DIR}/SDWebImage/SDWebImage.framework",
			);
			name = "[CP] Embed Pods Frameworks";
			outputPaths = (
				"${TARGET_BUILD_DIR}/${FRAMEWORKS_FOLDER_PATH}/Alamofire.framework",
				"${TARGET_BUILD_DIR}/${FRAMEWORKS_FOLDER_PATH}/ObjectMapper.framework",
				"${TARGET_BUILD_DIR}/${FRAMEWORKS_FOLDER_PATH}/SDWebImage.framework",
			);
			runOnlyForDeploymentPostprocessing = 0;
			shellPath = /bin/sh;
			shellScript = "\"${PODS_ROOT}/Target Support Files/Pods-ProductListPresenter/Pods-ProductListPresenter-frameworks.sh\"\n";
			showEnvVarsInLog = 0;
		};
		A877397E39EF678BF3A9ECD3 /* [CP] Check Pods Manifest.lock */ = {
			isa = PBXShellScriptBuildPhase;
			buildActionMask = 2147483647;
			files = (
			);
			inputPaths = (
				"${PODS_PODFILE_DIR_PATH}/Podfile.lock",
				"${PODS_ROOT}/Manifest.lock",
			);
			name = "[CP] Check Pods Manifest.lock";
			outputPaths = (
				"$(DERIVED_FILE_DIR)/Pods-ProductListPresenter-checkManifestLockResult.txt",
			);
			runOnlyForDeploymentPostprocessing = 0;
			shellPath = /bin/sh;
			shellScript = "diff \"${PODS_PODFILE_DIR_PATH}/Podfile.lock\" \"${PODS_ROOT}/Manifest.lock\" > /dev/null\nif [ $? != 0 ] ; then\n    # print error to STDERR\n    echo \"error: The sandbox is not in sync with the Podfile.lock. Run 'pod install' or update your CocoaPods installation.\" >&2\n    exit 1\nfi\n# This output is used by Xcode 'outputs' to avoid re-running this script phase.\necho \"SUCCESS\" > \"${SCRIPT_OUTPUT_FILE_0}\"\n";
			showEnvVarsInLog = 0;
		};
/* End PBXShellScriptBuildPhase section */

/* Begin PBXSourcesBuildPhase section */
		3968733E22CF536300D98EA0 /* Sources */ = {
			isa = PBXSourcesBuildPhase;
			buildActionMask = 2147483647;
			files = (
				39DF0DC722DC5B4700CE6CCC /* App.swift in Sources */,
				395DAE2922D0C7F300FF11E7 /* CategoryListViewController.swift in Sources */,
				3968734822CF536300D98EA0 /* ProductListViewController.swift in Sources */,
				3972974622DB47C100B98059 /* ProductDetailsViewController.swift in Sources */,
				3952476522CFB61E003450AE /* Product.swift in Sources */,
				3968734622CF536300D98EA0 /* AppDelegate.swift in Sources */,
				395DAE2B22D0C83600FF11E7 /* CategoryCell.swift in Sources */,
				3975CB7622DA806700F8E877 /* BaseApi.swift in Sources */,
				3972974822DB4DFD00B98059 /* RoundedButton.swift in Sources */,
				3968735A22CF57E100D98EA0 /* ProductCell.swift in Sources */,
				395DAE2D22D0D01E00FF11E7 /* Category.swift in Sources */,
				3975CB7A22DA90E300F8E877 /* ProductApi.swift in Sources */,
				3975CB7822DA83F400F8E877 /* CategoryApi.swift in Sources */,
			);
			runOnlyForDeploymentPostprocessing = 0;
		};
/* End PBXSourcesBuildPhase section */

/* Begin PBXVariantGroup section */
		3968734922CF536300D98EA0 /* Main.storyboard */ = {
			isa = PBXVariantGroup;
			children = (
				39B7773222E78796008156D3 /* ru */,
			);
			name = Main.storyboard;
			sourceTree = "<group>";
		};
		3968734E22CF536300D98EA0 /* LaunchScreen.storyboard */ = {
			isa = PBXVariantGroup;
			children = (
				39B7773322E78796008156D3 /* ru */,
			);
			name = LaunchScreen.storyboard;
			sourceTree = "<group>";
		};
/* End PBXVariantGroup section */

/* Begin XCBuildConfiguration section */
		3968735222CF536300D98EA0 /* Debug */ = {
			isa = XCBuildConfiguration;
			buildSettings = {
				ALWAYS_SEARCH_USER_PATHS = NO;
				CLANG_ANALYZER_LOCALIZABILITY_NONLOCALIZED = YES;
				CLANG_ANALYZER_NONNULL = YES;
				CLANG_ANALYZER_NUMBER_OBJECT_CONVERSION = YES_AGGRESSIVE;
				CLANG_CXX_LANGUAGE_STANDARD = "gnu++14";
				CLANG_CXX_LIBRARY = "libc++";
				CLANG_ENABLE_MODULES = YES;
				CLANG_ENABLE_OBJC_ARC = YES;
				CLANG_WARN_BLOCK_CAPTURE_AUTORELEASING = YES;
				CLANG_WARN_BOOL_CONVERSION = YES;
				CLANG_WARN_COMMA = YES;
				CLANG_WARN_CONSTANT_CONVERSION = YES;
				CLANG_WARN_DIRECT_OBJC_ISA_USAGE = YES_ERROR;
				CLANG_WARN_DOCUMENTATION_COMMENTS = YES;
				CLANG_WARN_EMPTY_BODY = YES;
				CLANG_WARN_ENUM_CONVERSION = YES;
				CLANG_WARN_INFINITE_RECURSION = YES;
				CLANG_WARN_INT_CONVERSION = YES;
				CLANG_WARN_NON_LITERAL_NULL_CONVERSION = YES;
				CLANG_WARN_OBJC_LITERAL_CONVERSION = YES;
				CLANG_WARN_OBJC_ROOT_CLASS = YES_ERROR;
				CLANG_WARN_RANGE_LOOP_ANALYSIS = YES;
				CLANG_WARN_STRICT_PROTOTYPES = YES;
				CLANG_WARN_SUSPICIOUS_MOVE = YES;
				CLANG_WARN_UNGUARDED_AVAILABILITY = YES_AGGRESSIVE;
				CLANG_WARN_UNREACHABLE_CODE = YES;
				CLANG_WARN__DUPLICATE_METHOD_MATCH = YES;
				CODE_SIGN_IDENTITY = "iPhone Developer";
				COPY_PHASE_STRIP = NO;
				DEBUG_INFORMATION_FORMAT = dwarf;
				ENABLE_STRICT_OBJC_MSGSEND = YES;
				ENABLE_TESTABILITY = YES;
				GCC_C_LANGUAGE_STANDARD = gnu11;
				GCC_DYNAMIC_NO_PIC = NO;
				GCC_NO_COMMON_BLOCKS = YES;
				GCC_OPTIMIZATION_LEVEL = 0;
				GCC_PREPROCESSOR_DEFINITIONS = (
					"DEBUG=1",
					"$(inherited)",
				);
				GCC_WARN_64_TO_32_BIT_CONVERSION = YES;
				GCC_WARN_ABOUT_RETURN_TYPE = YES_ERROR;
				GCC_WARN_UNDECLARED_SELECTOR = YES;
				GCC_WARN_UNINITIALIZED_AUTOS = YES_AGGRESSIVE;
				GCC_WARN_UNUSED_FUNCTION = YES;
				GCC_WARN_UNUSED_VARIABLE = YES;
				IPHONEOS_DEPLOYMENT_TARGET = 11.2;
				MTL_ENABLE_DEBUG_INFO = YES;
				ONLY_ACTIVE_ARCH = YES;
				SDKROOT = iphoneos;
				SWIFT_ACTIVE_COMPILATION_CONDITIONS = DEBUG;
				SWIFT_OPTIMIZATION_LEVEL = "-Onone";
			};
			name = Debug;
		};
		3968735322CF536300D98EA0 /* Release */ = {
			isa = XCBuildConfiguration;
			buildSettings = {
				ALWAYS_SEARCH_USER_PATHS = NO;
				CLANG_ANALYZER_LOCALIZABILITY_NONLOCALIZED = YES;
				CLANG_ANALYZER_NONNULL = YES;
				CLANG_ANALYZER_NUMBER_OBJECT_CONVERSION = YES_AGGRESSIVE;
				CLANG_CXX_LANGUAGE_STANDARD = "gnu++14";
				CLANG_CXX_LIBRARY = "libc++";
				CLANG_ENABLE_MODULES = YES;
				CLANG_ENABLE_OBJC_ARC = YES;
				CLANG_WARN_BLOCK_CAPTURE_AUTORELEASING = YES;
				CLANG_WARN_BOOL_CONVERSION = YES;
				CLANG_WARN_COMMA = YES;
				CLANG_WARN_CONSTANT_CONVERSION = YES;
				CLANG_WARN_DIRECT_OBJC_ISA_USAGE = YES_ERROR;
				CLANG_WARN_DOCUMENTATION_COMMENTS = YES;
				CLANG_WARN_EMPTY_BODY = YES;
				CLANG_WARN_ENUM_CONVERSION = YES;
				CLANG_WARN_INFINITE_RECURSION = YES;
				CLANG_WARN_INT_CONVERSION = YES;
				CLANG_WARN_NON_LITERAL_NULL_CONVERSION = YES;
				CLANG_WARN_OBJC_LITERAL_CONVERSION = YES;
				CLANG_WARN_OBJC_ROOT_CLASS = YES_ERROR;
				CLANG_WARN_RANGE_LOOP_ANALYSIS = YES;
				CLANG_WARN_STRICT_PROTOTYPES = YES;
				CLANG_WARN_SUSPICIOUS_MOVE = YES;
				CLANG_WARN_UNGUARDED_AVAILABILITY = YES_AGGRESSIVE;
				CLANG_WARN_UNREACHABLE_CODE = YES;
				CLANG_WARN__DUPLICATE_METHOD_MATCH = YES;
				CODE_SIGN_IDENTITY = "iPhone Developer";
				COPY_PHASE_STRIP = NO;
				DEBUG_INFORMATION_FORMAT = "dwarf-with-dsym";
				ENABLE_NS_ASSERTIONS = NO;
				ENABLE_STRICT_OBJC_MSGSEND = YES;
				GCC_C_LANGUAGE_STANDARD = gnu11;
				GCC_NO_COMMON_BLOCKS = YES;
				GCC_WARN_64_TO_32_BIT_CONVERSION = YES;
				GCC_WARN_ABOUT_RETURN_TYPE = YES_ERROR;
				GCC_WARN_UNDECLARED_SELECTOR = YES;
				GCC_WARN_UNINITIALIZED_AUTOS = YES_AGGRESSIVE;
				GCC_WARN_UNUSED_FUNCTION = YES;
				GCC_WARN_UNUSED_VARIABLE = YES;
				IPHONEOS_DEPLOYMENT_TARGET = 11.2;
				MTL_ENABLE_DEBUG_INFO = NO;
				SDKROOT = iphoneos;
				SWIFT_OPTIMIZATION_LEVEL = "-Owholemodule";
				VALIDATE_PRODUCT = YES;
			};
			name = Release;
		};
		3968735522CF536300D98EA0 /* Debug */ = {
			isa = XCBuildConfiguration;
			baseConfigurationReference = 5DF60A1073DA5886006046EA /* Pods-ProductListPresenter.debug.xcconfig */;
			buildSettings = {
				ASSETCATALOG_COMPILER_APPICON_NAME = AppIcon;
				CODE_SIGN_STYLE = Automatic;
				DEVELOPMENT_TEAM = TVV66ML88S;
				INFOPLIST_FILE = ProductListPresenter/Info.plist;
				LD_RUNPATH_SEARCH_PATHS = "$(inherited) @executable_path/Frameworks";
				PRODUCT_BUNDLE_IDENTIFIER = Volgatech.ProductListPresenter;
				PRODUCT_NAME = "$(TARGET_NAME)";
				SWIFT_VERSION = 4.0;
				TARGETED_DEVICE_FAMILY = "1,2";
			};
			name = Debug;
		};
		3968735622CF536300D98EA0 /* Release */ = {
			isa = XCBuildConfiguration;
			baseConfigurationReference = 950D6D9B38E75CE4DA673073 /* Pods-ProductListPresenter.release.xcconfig */;
			buildSettings = {
				ASSETCATALOG_COMPILER_APPICON_NAME = AppIcon;
				CODE_SIGN_STYLE = Automatic;
				DEVELOPMENT_TEAM = TVV66ML88S;
				INFOPLIST_FILE = ProductListPresenter/Info.plist;
				LD_RUNPATH_SEARCH_PATHS = "$(inherited) @executable_path/Frameworks";
				PRODUCT_BUNDLE_IDENTIFIER = Volgatech.ProductListPresenter;
				PRODUCT_NAME = "$(TARGET_NAME)";
				SWIFT_VERSION = 4.0;
				TARGETED_DEVICE_FAMILY = "1,2";
			};
			name = Release;
		};
/* End XCBuildConfiguration section */

/* Begin XCConfigurationList section */
		3968733D22CF536300D98EA0 /* Build configuration list for PBXProject "ProductListPresenter" */ = {
			isa = XCConfigurationList;
			buildConfigurations = (
				3968735222CF536300D98EA0 /* Debug */,
				3968735322CF536300D98EA0 /* Release */,
			);
			defaultConfigurationIsVisible = 0;
			defaultConfigurationName = Release;
		};
		3968735422CF536300D98EA0 /* Build configuration list for PBXNativeTarget "ProductListPresenter" */ = {
			isa = XCConfigurationList;
			buildConfigurations = (
				3968735522CF536300D98EA0 /* Debug */,
				3968735622CF536300D98EA0 /* Release */,
			);
			defaultConfigurationIsVisible = 0;
			defaultConfigurationName = Release;
		};
/* End XCConfigurationList section */
	};
	rootObject = 3968733A22CF536300D98EA0 /* Project object */;
}
